<?xml version="1.0" encoding="utf-8"?>
<Project ToolsVersion="4.0" xmlns="http://schemas.microsoft.com/developer/msbuild/2003">
  <ItemGroup>
    <Filter Include="Source Files">
      <UniqueIdentifier>{4FC737F1-C7A5-4376-A066-2A32D752A2FF}</UniqueIdentifier>
      <Extensions>cpp;c;cc;cxx;def;odl;idl;hpj;bat;asm;asmx</Extensions>
    </Filter>
    <Filter Include="Header Files">
      <UniqueIdentifier>{93995380-89BD-4b04-88EB-625FBE52EBFB}</UniqueIdentifier>
      <Extensions>h;hh;hpp;hxx;hm;inl;inc;ipp;xsd</Extensions>
    </Filter>
    <Filter Include="Resource Files">
      <UniqueIdentifier>{67DA6AB6-F800-4c08-8B7A-83BB121AAD01}</UniqueIdentifier>
      <Extensions>rc;ico;cur;bmp;dlg;rc2;rct;bin;rgs;gif;jpg;jpeg;jpe;resx;tiff;tif;png;wav;mfcribbon-ms</Extensions>
    </Filter>
  </ItemGroup>
  <ItemGroup>
    <ClCompile Include="main.cpp">
      <Filter>Source Files</Filter>
    </ClCompile>
    <ClCompile Include="ECS\Core\Entity_Manager.cpp">
      <Filter>Source Files</Filter>
    </ClCompile>
    <ClCompile Include="ECS\Core\S_Base.cpp">
      <Filter>Source Files</Filter>
    </ClCompile>
    <ClCompile Include="ECS\Core\System_Manager.cpp">
      <Filter>Source Files</Filter>
    </ClCompile>
    <ClCompile Include="ECS\Systems\S_Collision.cpp">
      <Filter>Source Files</Filter>
    </ClCompile>
    <ClCompile Include="ECS\Systems\S_Control.cpp">
      <Filter>Source Files</Filter>
    </ClCompile>
    <ClCompile Include="ECS\Systems\S_Movement.cpp">
      <Filter>Source Files</Filter>
    </ClCompile>
    <ClCompile Include="ECS\Systems\S_Renderer.cpp">
      <Filter>Source Files</Filter>
    </ClCompile>
    <ClCompile Include="ECS\Systems\S_SheetAnimation.cpp">
      <Filter>Source Files</Filter>
    </ClCompile>
    <ClCompile Include="ECS\Systems\S_Sound.cpp">
      <Filter>Source Files</Filter>
    </ClCompile>
    <ClCompile Include="ECS\Systems\S_State.cpp">
      <Filter>Source Files</Filter>
    </ClCompile>
    <ClCompile Include="EventSystem\EventManager.cpp">
      <Filter>Source Files</Filter>
    </ClCompile>
    <ClCompile Include="GUI\Elements\GUI_CheckBox.cpp">
      <Filter>Source Files</Filter>
    </ClCompile>
    <ClCompile Include="GUI\Elements\GUI_DropDownMenu.cpp">
      <Filter>Source Files</Filter>
    </ClCompile>
    <ClCompile Include="GUI\Elements\GUI_Label.cpp">
      <Filter>Source Files</Filter>
    </ClCompile>
    <ClCompile Include="GUI\Elements\GUI_Scrollbar.cpp">
      <Filter>Source Files</Filter>
    </ClCompile>
    <ClCompile Include="GUI\Elements\GUI_Sprite.cpp">
      <Filter>Source Files</Filter>
    </ClCompile>
    <ClCompile Include="GUI\Elements\GUI_TextField.cpp">
      <Filter>Source Files</Filter>
    </ClCompile>
    <ClCompile Include="GUI\Specialized\FileManager.cpp">
      <Filter>Source Files</Filter>
    </ClCompile>
    <ClCompile Include="GUI\Specialized\VerticalDropDown.cpp">
      <Filter>Source Files</Filter>
    </ClCompile>
    <ClCompile Include="GUI\GUI_Element.cpp">
      <Filter>Source Files</Filter>
    </ClCompile>
    <ClCompile Include="GUI\GUI_Interface.cpp">
      <Filter>Source Files</Filter>
    </ClCompile>
    <ClCompile Include="GUI\GUI_Manager.cpp">
      <Filter>Source Files</Filter>
    </ClCompile>
    <ClCompile Include="MapSystem\Map.cpp">
      <Filter>Source Files</Filter>
    </ClCompile>
    <ClCompile Include="MapSystem\TileMap.cpp">
      <Filter>Source Files</Filter>
    </ClCompile>
    <ClCompile Include="MapSystem\TileSet.cpp">
      <Filter>Source Files</Filter>
    </ClCompile>
    <ClCompile Include="SoundSystem\SoundManager.cpp">
      <Filter>Source Files</Filter>
    </ClCompile>
    <ClCompile Include="SpriteSystem\Anim_Base.cpp">
      <Filter>Source Files</Filter>
    </ClCompile>
    <ClCompile Include="SpriteSystem\Anim_Directional.cpp">
      <Filter>Source Files</Filter>
    </ClCompile>
    <ClCompile Include="SpriteSystem\SpriteSheet.cpp">
      <Filter>Source Files</Filter>
    </ClCompile>
    <ClCompile Include="StateSystem\States\State_Loading.cpp">
      <Filter>Source Files</Filter>
    </ClCompile>
    <ClCompile Include="StateSystem\StateManager.cpp">
      <Filter>Source Files</Filter>
    </ClCompile>
    <ClCompile Include="ThreadWorkers\FileLoader.cpp">
      <Filter>Source Files</Filter>
    </ClCompile>
    <ClCompile Include="WindowSystem\Renderer.cpp">
      <Filter>Source Files</Filter>
    </ClCompile>
    <ClCompile Include="WindowSystem\Window.cpp">
      <Filter>Source Files</Filter>
    </ClCompile>
  </ItemGroup>
  <ItemGroup>
    <ClInclude Include="ECS\Components\C_Collidable.h">
      <Filter>Header Files</Filter>
    </ClInclude>
    <ClInclude Include="ECS\Components\C_Controller.h">
      <Filter>Header Files</Filter>
    </ClInclude>
    <ClInclude Include="ECS\Components\C_Drawable.h">
      <Filter>Header Files</Filter>
    </ClInclude>
    <ClInclude Include="ECS\Components\C_Movable.h">
      <Filter>Header Files</Filter>
    </ClInclude>
    <ClInclude Include="ECS\Components\C_Position.h">
      <Filter>Header Files</Filter>
    </ClInclude>
    <ClInclude Include="ECS\Components\C_SoundEmitter.h">
      <Filter>Header Files</Filter>
    </ClInclude>
    <ClInclude Include="ECS\Components\C_SoundListener.h">
      <Filter>Header Files</Filter>
    </ClInclude>
    <ClInclude Include="ECS\Components\C_SpriteSheet.h">
      <Filter>Header Files</Filter>
    </ClInclude>
    <ClInclude Include="ECS\Components\C_State.h">
      <Filter>Header Files</Filter>
    </ClInclude>
    <ClInclude Include="ECS\Core\C_Base.h">
      <Filter>Header Files</Filter>
    </ClInclude>
    <ClInclude Include="ECS\Core\Entity_Manager.h">
      <Filter>Header Files</Filter>
    </ClInclude>
    <ClInclude Include="ECS\Core\S_Base.h">
      <Filter>Header Files</Filter>
    </ClInclude>
    <ClInclude Include="ECS\Core\System_Manager.h">
      <Filter>Header Files</Filter>
    </ClInclude>
    <ClInclude Include="ECS\Systems\S_Collision.h">
      <Filter>Header Files</Filter>
    </ClInclude>
    <ClInclude Include="ECS\Systems\S_Control.h">
      <Filter>Header Files</Filter>
    </ClInclude>
    <ClInclude Include="ECS\Systems\S_Movement.h">
      <Filter>Header Files</Filter>
    </ClInclude>
    <ClInclude Include="ECS\Systems\S_Renderer.h">
      <Filter>Header Files</Filter>
    </ClInclude>
    <ClInclude Include="ECS\Systems\S_SheetAnimation.h">
      <Filter>Header Files</Filter>
    </ClInclude>
    <ClInclude Include="ECS\Systems\S_Sound.h">
      <Filter>Header Files</Filter>
    </ClInclude>
    <ClInclude Include="ECS\Systems\S_State.h">
      <Filter>Header Files</Filter>
    </ClInclude>
    <ClInclude Include="ECS\ECS_Types.h">
      <Filter>Header Files</Filter>
    </ClInclude>
    <ClInclude Include="ECS\EntityEvents.h">
      <Filter>Header Files</Filter>
    </ClInclude>
    <ClInclude Include="ECS\EntityMessages.h">
      <Filter>Header Files</Filter>
    </ClInclude>
    <ClInclude Include="EventSystem\Binding.h">
      <Filter>Header Files</Filter>
    </ClInclude>
    <ClInclude Include="EventSystem\EventDetails.h">
      <Filter>Header Files</Filter>
    </ClInclude>
    <ClInclude Include="EventSystem\EventInfo.h">
      <Filter>Header Files</Filter>
    </ClInclude>
    <ClInclude Include="EventSystem\EventManager.h">
      <Filter>Header Files</Filter>
    </ClInclude>
    <ClInclude Include="EventSystem\EventTypes.h">
      <Filter>Header Files</Filter>
    </ClInclude>
    <ClInclude Include="GUI\Elements\GUI_CheckBox.h">
      <Filter>Header Files</Filter>
    </ClInclude>
    <ClInclude Include="GUI\Elements\GUI_DropDownMenu.h">
      <Filter>Header Files</Filter>
    </ClInclude>
    <ClInclude Include="GUI\Elements\GUI_Label.h">
      <Filter>Header Files</Filter>
    </ClInclude>
    <ClInclude Include="GUI\Elements\GUI_Scrollbar.h">
      <Filter>Header Files</Filter>
    </ClInclude>
    <ClInclude Include="GUI\Elements\GUI_Sprite.h">
      <Filter>Header Files</Filter>
    </ClInclude>
    <ClInclude Include="GUI\Elements\GUI_TextField.h">
      <Filter>Header Files</Filter>
    </ClInclude>
    <ClInclude Include="GUI\Specialized\FileManager.h">
      <Filter>Header Files</Filter>
    </ClInclude>
    <ClInclude Include="GUI\Specialized\VerticalDropDown.h">
      <Filter>Header Files</Filter>
    </ClInclude>
    <ClInclude Include="GUI\GUI_Element.h">
      <Filter>Header Files</Filter>
    </ClInclude>
    <ClInclude Include="GUI\GUI_Event.h">
      <Filter>Header Files</Filter>
    </ClInclude>
    <ClInclude Include="GUI\GUI_Interface.h">
      <Filter>Header Files</Filter>
    </ClInclude>
    <ClInclude Include="GUI\GUI_Manager.h">
      <Filter>Header Files</Filter>
    </ClInclude>
    <ClInclude Include="GUI\GUI_Style.h">
      <Filter>Header Files</Filter>
    </ClInclude>
    <ClInclude Include="MapSystem\Map.h">
      <Filter>Header Files</Filter>
    </ClInclude>
    <ClInclude Include="MapSystem\MapDefinitions.h">
      <Filter>Header Files</Filter>
    </ClInclude>
    <ClInclude Include="MapSystem\MapHelpers.h">
      <Filter>Header Files</Filter>
    </ClInclude>
    <ClInclude Include="MapSystem\MapLoadee.h">
      <Filter>Header Files</Filter>
    </ClInclude>
    <ClInclude Include="MapSystem\TileInfo.h">
      <Filter>Header Files</Filter>
    </ClInclude>
    <ClInclude Include="MapSystem\TileMap.h">
      <Filter>Header Files</Filter>
    </ClInclude>
    <ClInclude Include="MapSystem\TileSet.h">
      <Filter>Header Files</Filter>
    </ClInclude>
    <ClInclude Include="Observer\Communicator.h">
      <Filter>Header Files</Filter>
    </ClInclude>
    <ClInclude Include="Observer\Message.h">
      <Filter>Header Files</Filter>
    </ClInclude>
    <ClInclude Include="Observer\MessageHandler.h">
      <Filter>Header Files</Filter>
    </ClInclude>
    <ClInclude Include="Observer\Observer.h">
      <Filter>Header Files</Filter>
    </ClInclude>
    <ClInclude Include="Resources\AudioManager.h">
      <Filter>Header Files</Filter>
    </ClInclude>
    <ClInclude Include="Resources\FontManager.h">
      <Filter>Header Files</Filter>
    </ClInclude>
    <ClInclude Include="Resources\ResourceManager.h">
      <Filter>Header Files</Filter>
    </ClInclude>
    <ClInclude Include="Resources\TextureManager.h">
      <Filter>Header Files</Filter>
    </ClInclude>
    <ClInclude Include="SoundSystem\SoundManager.h">
      <Filter>Header Files</Filter>
    </ClInclude>
    <ClInclude Include="SoundSystem\SoundProps.h">
      <Filter>Header Files</Filter>
    </ClInclude>
    <ClInclude Include="SpriteSystem\Anim_Base.h">
      <Filter>Header Files</Filter>
    </ClInclude>
    <ClInclude Include="SpriteSystem\Anim_Directional.h">
      <Filter>Header Files</Filter>
    </ClInclude>
    <ClInclude Include="SpriteSystem\SpriteSheet.h">
      <Filter>Header Files</Filter>
    </ClInclude>
    <ClInclude Include="StateSystem\States\State_Loading.h">
      <Filter>Header Files</Filter>
    </ClInclude>
    <ClInclude Include="StateSystem\BaseState.h">
      <Filter>Header Files</Filter>
    </ClInclude>
    <ClInclude Include="StateSystem\StateDependent.h">
      <Filter>Header Files</Filter>
    </ClInclude>
    <ClInclude Include="StateSystem\StateManager.h">
      <Filter>Header Files</Filter>
    </ClInclude>
    <ClInclude Include="StateSystem\StateTypes.h">
      <Filter>Header Files</Filter>
    </ClInclude>
    <ClInclude Include="ThreadWorkers\FileLoader.h">
      <Filter>Header Files</Filter>
    </ClInclude>
    <ClInclude Include="ThreadWorkers\Worker.h">
      <Filter>Header Files</Filter>
    </ClInclude>
    <ClInclude Include="Types\Bitmask.h">
      <Filter>Header Files</Filter>
    </ClInclude>
    <ClInclude Include="Types\Directions.h">
      <Filter>Header Files</Filter>
    </ClInclude>
    <ClInclude Include="Types\Event_Queue.h">
      <Filter>Header Files</Filter>
    </ClInclude>
    <ClInclude Include="Utilities\Helpers.h">
      <Filter>Header Files</Filter>
    </ClInclude>
    <ClInclude Include="Utilities\RandomNumberGen.h">
      <Filter>Header Files</Filter>
    </ClInclude>
    <ClInclude Include="Utilities\Utilities.h">
      <Filter>Header Files</Filter>
    </ClInclude>
    <ClInclude Include="WindowSystem\Renderer.h">
      <Filter>Header Files</Filter>
    </ClInclude>
    <ClInclude Include="WindowSystem\Window.h">
      <Filter>Header Files</Filter>
    </ClInclude>
  </ItemGroup>
</Project>