<?xml version="1.0" encoding="utf-8"?>
<Project ToolsVersion="4.0" xmlns="http://schemas.microsoft.com/developer/msbuild/2003">
  <ItemGroup>
    <Filter Include="Source Files">
      <UniqueIdentifier>{4FC737F1-C7A5-4376-A066-2A32D752A2FF}</UniqueIdentifier>
      <Extensions>cpp;c;cc;cxx;def;odl;idl;hpj;bat;asm;asmx</Extensions>
    </Filter>
    <Filter Include="Header Files">
      <UniqueIdentifier>{93995380-89BD-4b04-88EB-625FBE52EBFB}</UniqueIdentifier>
      <Extensions>h;hh;hpp;hxx;hm;inl;inc;ipp;xsd</Extensions>
    </Filter>
    <Filter Include="Resource Files">
      <UniqueIdentifier>{67DA6AB6-F800-4c08-8B7A-83BB121AAD01}</UniqueIdentifier>
      <Extensions>rc;ico;cur;bmp;dlg;rc2;rct;bin;rgs;gif;jpg;jpeg;jpe;resx;tiff;tif;png;wav;mfcribbon-ms</Extensions>
    </Filter>
    <Filter Include="Header Files\Frontend">
      <UniqueIdentifier>{792980af-d10d-48cc-b62c-087ae04125c6}</UniqueIdentifier>
    </Filter>
    <Filter Include="Source Files\Backend Source">
      <UniqueIdentifier>{103a9cd5-2f78-48e7-b8cb-b3d74cd92b58}</UniqueIdentifier>
    </Filter>
    <Filter Include="Header Files\Backend Headers">
      <UniqueIdentifier>{3aa16bf5-f819-434d-a079-8e5ac273db08}</UniqueIdentifier>
    </Filter>
    <Filter Include="Source Files\Frontend Source">
      <UniqueIdentifier>{e78b5c54-a865-45a3-9eda-f44add57cc65}</UniqueIdentifier>
    </Filter>
    <Filter Include="Source Files\Frontend Source\States">
      <UniqueIdentifier>{461675d9-46d9-44bc-bde9-9282e2c02f79}</UniqueIdentifier>
    </Filter>
    <Filter Include="Source Files\Backend Source\EventSystem">
      <UniqueIdentifier>{62f30e3f-1e81-412d-88fa-e0849b149dc8}</UniqueIdentifier>
    </Filter>
    <Filter Include="Source Files\Backend Source\ECS">
      <UniqueIdentifier>{21874962-b0f4-4add-a67d-6dd8a2b1178b}</UniqueIdentifier>
    </Filter>
    <Filter Include="Source Files\Backend Source\GUI">
      <UniqueIdentifier>{d3f9c51e-bad5-45af-a51d-93d031f43a0a}</UniqueIdentifier>
    </Filter>
    <Filter Include="Source Files\Backend Source\MapSystem">
      <UniqueIdentifier>{620b8d53-bccb-45c2-a0b0-b1a11423476b}</UniqueIdentifier>
    </Filter>
    <Filter Include="Source Files\Backend Source\SpriteSystem">
      <UniqueIdentifier>{055bc389-2038-4cdb-858d-2a023e1d7504}</UniqueIdentifier>
    </Filter>
    <Filter Include="Source Files\Backend Source\SoundSystem">
      <UniqueIdentifier>{0305f2d3-ae09-41a9-855e-2d4007685841}</UniqueIdentifier>
    </Filter>
    <Filter Include="Source Files\Backend Source\ParticleSystem">
      <UniqueIdentifier>{beeccef6-340d-4058-a4eb-7991af5a1df9}</UniqueIdentifier>
    </Filter>
    <Filter Include="Source Files\Backend Source\Observer">
      <UniqueIdentifier>{89eecc7e-5df1-49f3-9c56-723702d256a6}</UniqueIdentifier>
    </Filter>
    <Filter Include="Source Files\Backend Source\StateSystem">
      <UniqueIdentifier>{8fcfd3e0-4355-4e34-8f3a-8dc981804b76}</UniqueIdentifier>
    </Filter>
    <Filter Include="Source Files\Backend Source\ThreadWorkers">
      <UniqueIdentifier>{999f962f-91f3-4254-b821-19a7fec483aa}</UniqueIdentifier>
    </Filter>
    <Filter Include="Source Files\Backend Source\Types">
      <UniqueIdentifier>{28620f80-b225-4419-8e34-60a6e6b73c50}</UniqueIdentifier>
    </Filter>
    <Filter Include="Source Files\Backend Source\Utilities">
      <UniqueIdentifier>{3fdd092e-e329-4bae-8cfe-5c6f1a016161}</UniqueIdentifier>
    </Filter>
    <Filter Include="Source Files\Backend Source\WindowSystem">
      <UniqueIdentifier>{64a9587d-7089-43e2-8333-ae3d71a3f3a7}</UniqueIdentifier>
    </Filter>
    <Filter Include="Source Files\Backend Source\ECS\Components">
      <UniqueIdentifier>{12a352c9-4f7b-4688-80f6-10f17cb544ff}</UniqueIdentifier>
    </Filter>
    <Filter Include="Source Files\Backend Source\ECS\Core">
      <UniqueIdentifier>{24eab5b2-a73f-4553-a81e-b804d8def6bc}</UniqueIdentifier>
    </Filter>
    <Filter Include="Source Files\Backend Source\ECS\System">
      <UniqueIdentifier>{d189f7b5-9caf-4b48-bd75-63e98df4bc82}</UniqueIdentifier>
    </Filter>
    <Filter Include="Source Files\Backend Source\GUI\Elements">
      <UniqueIdentifier>{193afc47-98e6-4117-bb8c-d831b04646fa}</UniqueIdentifier>
    </Filter>
    <Filter Include="Source Files\Backend Source\GUI\Specialized">
      <UniqueIdentifier>{44b8954a-f029-4295-846b-df0b8d7aff90}</UniqueIdentifier>
    </Filter>
    <Filter Include="Header Files\Backend Headers\ECS">
      <UniqueIdentifier>{8b87d428-4f77-48ae-881b-d3217fa69dae}</UniqueIdentifier>
    </Filter>
    <Filter Include="Header Files\Backend Headers\EventSystem">
      <UniqueIdentifier>{608bf475-ad45-42b8-bf2f-6f02d60b7c7e}</UniqueIdentifier>
    </Filter>
    <Filter Include="Header Files\Backend Headers\GUI">
      <UniqueIdentifier>{662b5519-ee07-4135-8f35-fb66396484d7}</UniqueIdentifier>
    </Filter>
    <Filter Include="Header Files\Backend Headers\MapSystem">
      <UniqueIdentifier>{e2d3e176-6894-4235-9cc3-7062a5905efa}</UniqueIdentifier>
    </Filter>
    <Filter Include="Header Files\Backend Headers\Observer">
      <UniqueIdentifier>{e2392056-a067-43e3-b998-3d85421f0374}</UniqueIdentifier>
    </Filter>
    <Filter Include="Header Files\Backend Headers\ParticleSystem">
      <UniqueIdentifier>{d0e60cd0-5728-450a-bf87-cfd6da4455db}</UniqueIdentifier>
    </Filter>
    <Filter Include="Header Files\Backend Headers\SoundSystem">
      <UniqueIdentifier>{c34c1ab2-cb78-4cfc-9b36-2735b150240a}</UniqueIdentifier>
    </Filter>
    <Filter Include="Header Files\Backend Headers\SpriteSystem">
      <UniqueIdentifier>{4902d04b-b298-413f-8aed-8bca42ed3f9b}</UniqueIdentifier>
    </Filter>
    <Filter Include="Header Files\Backend Headers\StateSystem">
      <UniqueIdentifier>{2ac4d2f6-60d6-4001-ba0d-513c430ea3f8}</UniqueIdentifier>
    </Filter>
    <Filter Include="Header Files\Backend Headers\ThreadWorkers">
      <UniqueIdentifier>{d606c7c6-80db-478d-b30b-ec665d55ce08}</UniqueIdentifier>
    </Filter>
    <Filter Include="Header Files\Backend Headers\Types">
      <UniqueIdentifier>{84a33eda-f09f-4bc4-a7a4-b65361b5c41f}</UniqueIdentifier>
    </Filter>
    <Filter Include="Header Files\Backend Headers\Utilities">
      <UniqueIdentifier>{2477cd23-c25a-4fdb-9877-1c6381ccc87e}</UniqueIdentifier>
    </Filter>
    <Filter Include="Header Files\Backend Headers\WindowSystem">
      <UniqueIdentifier>{ba277070-3f40-4ad2-b9f7-7d95e9c3fb44}</UniqueIdentifier>
    </Filter>
    <Filter Include="Header Files\Backend Headers\ECS\Components">
      <UniqueIdentifier>{a5d3033d-7f2a-463c-8069-423cfe1b3de1}</UniqueIdentifier>
    </Filter>
    <Filter Include="Header Files\Backend Headers\ECS\Core">
      <UniqueIdentifier>{55ea70a3-ceaa-492d-9c47-0546566c6236}</UniqueIdentifier>
    </Filter>
    <Filter Include="Header Files\Backend Headers\ECS\Systems">
      <UniqueIdentifier>{63680c7a-035b-4f2b-aaa3-9aed5e3156b0}</UniqueIdentifier>
    </Filter>
    <Filter Include="Header Files\Backend Headers\GUI\Elements">
      <UniqueIdentifier>{a1748c80-5b3c-41a7-9a81-2b0ac0c838e7}</UniqueIdentifier>
    </Filter>
    <Filter Include="Header Files\Backend Headers\GUI\Specialized">
      <UniqueIdentifier>{ac0a6a12-c171-43be-b229-58c36b288942}</UniqueIdentifier>
    </Filter>
    <Filter Include="Header Files\Backend Headers\ParticleSystem\Generators">
      <UniqueIdentifier>{33bdb83d-743c-4197-bd91-dcc6d7a71541}</UniqueIdentifier>
    </Filter>
    <Filter Include="Header Files\Backend Headers\ParticleSystem\Updaters">
      <UniqueIdentifier>{0460698e-0850-4b7f-b8cc-cc8ea0bfa4ec}</UniqueIdentifier>
    </Filter>
    <Filter Include="Header Files\Frontend\States">
      <UniqueIdentifier>{54236cc7-02e5-42df-b0ff-53c4c82cdd8f}</UniqueIdentifier>
    </Filter>
  </ItemGroup>
  <ItemGroup>
    <ClCompile Include="ECS\Core\Entity_Manager.cpp">
      <Filter>Source Files\Backend Source\ECS\Core</Filter>
    </ClCompile>
    <ClCompile Include="ECS\Core\S_Base.cpp">
      <Filter>Source Files\Backend Source\ECS\Core</Filter>
    </ClCompile>
    <ClCompile Include="ECS\Core\System_Manager.cpp">
      <Filter>Source Files\Backend Source\ECS\Core</Filter>
    </ClCompile>
    <ClCompile Include="ECS\Systems\S_Collision.cpp">
      <Filter>Source Files\Backend Source\ECS\System</Filter>
    </ClCompile>
    <ClCompile Include="ECS\Systems\S_Control.cpp">
      <Filter>Source Files\Backend Source\ECS\System</Filter>
    </ClCompile>
    <ClCompile Include="ECS\Systems\S_Movement.cpp">
      <Filter>Source Files\Backend Source\ECS\System</Filter>
    </ClCompile>
    <ClCompile Include="ECS\Systems\S_Renderer.cpp">
      <Filter>Source Files\Backend Source\ECS\System</Filter>
    </ClCompile>
    <ClCompile Include="ECS\Systems\S_SheetAnimation.cpp">
      <Filter>Source Files\Backend Source\ECS\System</Filter>
    </ClCompile>
    <ClCompile Include="ECS\Systems\S_Sound.cpp">
      <Filter>Source Files\Backend Source\ECS\System</Filter>
    </ClCompile>
    <ClCompile Include="ECS\Systems\S_State.cpp">
      <Filter>Source Files\Backend Source\ECS\System</Filter>
    </ClCompile>
    <ClCompile Include="EventSystem\EventManager.cpp">
      <Filter>Source Files\Backend Source\EventSystem</Filter>
    </ClCompile>
    <ClCompile Include="GUI\GUI_Element.cpp">
      <Filter>Source Files\Backend Source\GUI</Filter>
    </ClCompile>
    <ClCompile Include="GUI\GUI_Interface.cpp">
      <Filter>Source Files\Backend Source\GUI</Filter>
    </ClCompile>
    <ClCompile Include="GUI\GUI_Manager.cpp">
      <Filter>Source Files\Backend Source\GUI</Filter>
    </ClCompile>
    <ClCompile Include="GUI\Elements\GUI_CheckBox.cpp">
      <Filter>Source Files\Backend Source\GUI\Elements</Filter>
    </ClCompile>
    <ClCompile Include="GUI\Elements\GUI_DropDownMenu.cpp">
      <Filter>Source Files\Backend Source\GUI\Elements</Filter>
    </ClCompile>
    <ClCompile Include="GUI\Elements\GUI_Label.cpp">
      <Filter>Source Files\Backend Source\GUI\Elements</Filter>
    </ClCompile>
    <ClCompile Include="GUI\Elements\GUI_Scrollbar.cpp">
      <Filter>Source Files\Backend Source\GUI\Elements</Filter>
    </ClCompile>
    <ClCompile Include="GUI\Elements\GUI_Sprite.cpp">
      <Filter>Source Files\Backend Source\GUI\Elements</Filter>
    </ClCompile>
    <ClCompile Include="GUI\Elements\GUI_TextField.cpp">
      <Filter>Source Files\Backend Source\GUI\Elements</Filter>
    </ClCompile>
    <ClCompile Include="GUI\Specialized\FileManager.cpp">
      <Filter>Source Files\Backend Source\GUI\Specialized</Filter>
    </ClCompile>
    <ClCompile Include="GUI\Specialized\VerticalDropDown.cpp">
      <Filter>Source Files\Backend Source\GUI\Specialized</Filter>
    </ClCompile>
    <ClCompile Include="MapSystem\Map.cpp">
      <Filter>Source Files\Backend Source\MapSystem</Filter>
    </ClCompile>
    <ClCompile Include="MapSystem\TileMap.cpp">
      <Filter>Source Files\Backend Source\MapSystem</Filter>
    </ClCompile>
    <ClCompile Include="MapSystem\TileSet.cpp">
      <Filter>Source Files\Backend Source\MapSystem</Filter>
    </ClCompile>
    <ClCompile Include="SoundSystem\SoundManager.cpp">
      <Filter>Source Files\Backend Source\SoundSystem</Filter>
    </ClCompile>
    <ClCompile Include="StateSystem\StateManager.cpp">
      <Filter>Source Files\Backend Source\StateSystem</Filter>
    </ClCompile>
    <ClCompile Include="ThreadWorkers\FileLoader.cpp">
      <Filter>Source Files\Backend Source\ThreadWorkers</Filter>
    </ClCompile>
    <ClCompile Include="WindowSystem\Window.cpp">
      <Filter>Source Files\Backend Source\WindowSystem</Filter>
    </ClCompile>
    <ClCompile Include="WindowSystem\Renderer.cpp">
      <Filter>Source Files\Backend Source\WindowSystem</Filter>
    </ClCompile>
    <ClCompile Include="SpriteSystem\Anim_Directional.cpp">
      <Filter>Source Files\Backend Source\SpriteSystem</Filter>
    </ClCompile>
    <ClCompile Include="SpriteSystem\SpriteSheet.cpp">
      <Filter>Source Files\Backend Source\SpriteSystem</Filter>
    </ClCompile>
    <ClCompile Include="SpriteSystem\Anim_Base.cpp">
      <Filter>Source Files\Backend Source\SpriteSystem</Filter>
    </ClCompile>
    <ClCompile Include="ParticleSystem\Emitter.cpp">
      <Filter>Source Files\Backend Source\ParticleSystem</Filter>
    </ClCompile>
    <ClCompile Include="ParticleSystem\ParticleSystem.cpp">
      <Filter>Source Files\Backend Source\ParticleSystem</Filter>
    </ClCompile>
    <ClCompile Include="Game.cpp">
      <Filter>Source Files</Filter>
    </ClCompile>
    <ClCompile Include="States\State_Game.cpp">
      <Filter>Source Files\Frontend Source\States</Filter>
    </ClCompile>
    <ClCompile Include="States\State_Intro.cpp">
      <Filter>Source Files\Frontend Source\States</Filter>
    </ClCompile>
    <ClCompile Include="States\State_MainMenu.cpp">
      <Filter>Source Files\Frontend Source\States</Filter>
    </ClCompile>
    <ClCompile Include="States\load.cpp">
      <Filter>Source Files\Frontend Source\States</Filter>
    </ClCompile>
    <ClCompile Include="run.cpp">
      <Filter>Source Files</Filter>
    </ClCompile>
  </ItemGroup>
  <ItemGroup>
    <ClInclude Include="SharedContext.h">
      <Filter>Header Files\Backend Headers</Filter>
    </ClInclude>
    <ClInclude Include="Resources\AudioManager.h">
      <Filter>Resource Files</Filter>
    </ClInclude>
    <ClInclude Include="Resources\FontManager.h">
      <Filter>Resource Files</Filter>
    </ClInclude>
    <ClInclude Include="Resources\ResourceManager.h">
      <Filter>Resource Files</Filter>
    </ClInclude>
    <ClInclude Include="Resources\TextureManager.h">
      <Filter>Resource Files</Filter>
    </ClInclude>
    <ClInclude Include="ECS\Components\C_State.h">
      <Filter>Header Files\Backend Headers\ECS\Components</Filter>
    </ClInclude>
    <ClInclude Include="ECS\Components\C_Collidable.h">
      <Filter>Header Files\Backend Headers\ECS\Components</Filter>
    </ClInclude>
    <ClInclude Include="ECS\Components\C_Controller.h">
      <Filter>Header Files\Backend Headers\ECS\Components</Filter>
    </ClInclude>
    <ClInclude Include="ECS\Components\C_Drawable.h">
      <Filter>Header Files\Backend Headers\ECS\Components</Filter>
    </ClInclude>
    <ClInclude Include="ECS\Components\C_Movable.h">
      <Filter>Header Files\Backend Headers\ECS\Components</Filter>
    </ClInclude>
    <ClInclude Include="ECS\Components\C_Position.h">
      <Filter>Header Files\Backend Headers\ECS\Components</Filter>
    </ClInclude>
    <ClInclude Include="ECS\Components\C_SoundEmitter.h">
      <Filter>Header Files\Backend Headers\ECS\Components</Filter>
    </ClInclude>
    <ClInclude Include="ECS\Components\C_SoundListener.h">
      <Filter>Header Files\Backend Headers\ECS\Components</Filter>
    </ClInclude>
    <ClInclude Include="ECS\Components\C_SpriteSheet.h">
      <Filter>Header Files\Backend Headers\ECS\Components</Filter>
    </ClInclude>
    <ClInclude Include="ECS\Core\C_Base.h">
      <Filter>Header Files\Backend Headers\ECS\Core</Filter>
    </ClInclude>
    <ClInclude Include="ECS\Core\Entity_Manager.h">
      <Filter>Header Files\Backend Headers\ECS\Core</Filter>
    </ClInclude>
    <ClInclude Include="ECS\Core\S_Base.h">
      <Filter>Header Files\Backend Headers\ECS\Core</Filter>
    </ClInclude>
    <ClInclude Include="ECS\Core\System_Manager.h">
      <Filter>Header Files\Backend Headers\ECS\Core</Filter>
    </ClInclude>
    <ClInclude Include="ECS\Systems\S_State.h">
      <Filter>Header Files\Backend Headers\ECS\Systems</Filter>
    </ClInclude>
    <ClInclude Include="ECS\Systems\S_Collision.h">
      <Filter>Header Files\Backend Headers\ECS\Systems</Filter>
    </ClInclude>
    <ClInclude Include="ECS\Systems\S_Control.h">
      <Filter>Header Files\Backend Headers\ECS\Systems</Filter>
    </ClInclude>
    <ClInclude Include="ECS\Systems\S_Movement.h">
      <Filter>Header Files\Backend Headers\ECS\Systems</Filter>
    </ClInclude>
    <ClInclude Include="ECS\Systems\S_Renderer.h">
      <Filter>Header Files\Backend Headers\ECS\Systems</Filter>
    </ClInclude>
    <ClInclude Include="ECS\Systems\S_SheetAnimation.h">
      <Filter>Header Files\Backend Headers\ECS\Systems</Filter>
    </ClInclude>
    <ClInclude Include="ECS\Systems\S_Sound.h">
      <Filter>Header Files\Backend Headers\ECS\Systems</Filter>
    </ClInclude>
    <ClInclude Include="ECS\EntityMessages.h">
      <Filter>Header Files\Backend Headers\ECS</Filter>
    </ClInclude>
    <ClInclude Include="ECS\EntityEvents.h">
      <Filter>Header Files\Backend Headers\ECS</Filter>
    </ClInclude>
    <ClInclude Include="ECS\ECS_Types.h">
      <Filter>Header Files\Backend Headers\ECS</Filter>
    </ClInclude>
    <ClInclude Include="EventSystem\Binding.h">
      <Filter>Header Files\Backend Headers\EventSystem</Filter>
    </ClInclude>
    <ClInclude Include="EventSystem\EventDetails.h">
      <Filter>Header Files\Backend Headers\EventSystem</Filter>
    </ClInclude>
    <ClInclude Include="EventSystem\EventInfo.h">
      <Filter>Header Files\Backend Headers\EventSystem</Filter>
    </ClInclude>
    <ClInclude Include="EventSystem\EventManager.h">
      <Filter>Header Files\Backend Headers\EventSystem</Filter>
    </ClInclude>
    <ClInclude Include="EventSystem\EventTypes.h">
      <Filter>Header Files\Backend Headers\EventSystem</Filter>
    </ClInclude>
    <ClInclude Include="GUI\GUI_Element.h">
      <Filter>Header Files\Backend Headers\GUI</Filter>
    </ClInclude>
    <ClInclude Include="GUI\GUI_Event.h">
      <Filter>Header Files\Backend Headers\GUI</Filter>
    </ClInclude>
    <ClInclude Include="GUI\GUI_Interface.h">
      <Filter>Header Files\Backend Headers\GUI</Filter>
    </ClInclude>
    <ClInclude Include="GUI\GUI_Manager.h">
      <Filter>Header Files\Backend Headers\GUI</Filter>
    </ClInclude>
    <ClInclude Include="GUI\GUI_Style.h">
      <Filter>Header Files\Backend Headers\GUI</Filter>
    </ClInclude>
    <ClInclude Include="GUI\Elements\GUI_CheckBox.h">
      <Filter>Header Files\Backend Headers\GUI\Elements</Filter>
    </ClInclude>
    <ClInclude Include="GUI\Elements\GUI_DropDownMenu.h">
      <Filter>Header Files\Backend Headers\GUI\Elements</Filter>
    </ClInclude>
    <ClInclude Include="GUI\Elements\GUI_Label.h">
      <Filter>Header Files\Backend Headers\GUI\Elements</Filter>
    </ClInclude>
    <ClInclude Include="GUI\Elements\GUI_Scrollbar.h">
      <Filter>Header Files\Backend Headers\GUI\Elements</Filter>
    </ClInclude>
    <ClInclude Include="GUI\Elements\GUI_Sprite.h">
      <Filter>Header Files\Backend Headers\GUI\Elements</Filter>
    </ClInclude>
    <ClInclude Include="GUI\Elements\GUI_TextField.h">
      <Filter>Header Files\Backend Headers\GUI\Elements</Filter>
    </ClInclude>
    <ClInclude Include="GUI\Specialized\FileManager.h">
      <Filter>Header Files\Backend Headers\GUI\Specialized</Filter>
    </ClInclude>
    <ClInclude Include="GUI\Specialized\VerticalDropDown.h">
      <Filter>Header Files\Backend Headers\GUI\Specialized</Filter>
    </ClInclude>
    <ClInclude Include="MapSystem\Map.h">
      <Filter>Header Files\Backend Headers\MapSystem</Filter>
    </ClInclude>
    <ClInclude Include="MapSystem\MapDefinitions.h">
      <Filter>Header Files\Backend Headers\MapSystem</Filter>
    </ClInclude>
    <ClInclude Include="MapSystem\MapHelpers.h">
      <Filter>Header Files\Backend Headers\MapSystem</Filter>
    </ClInclude>
    <ClInclude Include="MapSystem\MapLoadee.h">
      <Filter>Header Files\Backend Headers\MapSystem</Filter>
    </ClInclude>
    <ClInclude Include="MapSystem\TileInfo.h">
      <Filter>Header Files\Backend Headers\MapSystem</Filter>
    </ClInclude>
    <ClInclude Include="MapSystem\TileMap.h">
      <Filter>Header Files\Backend Headers\MapSystem</Filter>
    </ClInclude>
    <ClInclude Include="MapSystem\TileSet.h">
      <Filter>Header Files\Backend Headers\MapSystem</Filter>
    </ClInclude>
    <ClInclude Include="Observer\Communicator.h">
      <Filter>Header Files\Backend Headers\Observer</Filter>
    </ClInclude>
    <ClInclude Include="Observer\Message.h">
      <Filter>Header Files\Backend Headers\Observer</Filter>
    </ClInclude>
    <ClInclude Include="Observer\MessageHandler.h">
      <Filter>Header Files\Backend Headers\Observer</Filter>
    </ClInclude>
    <ClInclude Include="Observer\Observer.h">
      <Filter>Header Files\Backend Headers\Observer</Filter>
    </ClInclude>
    <ClInclude Include="SoundSystem\SoundManager.h">
      <Filter>Header Files\Backend Headers\SoundSystem</Filter>
    </ClInclude>
    <ClInclude Include="SoundSystem\SoundProps.h">
      <Filter>Header Files\Backend Headers\SoundSystem</Filter>
    </ClInclude>
    <ClInclude Include="SpriteSystem\Anim_Base.h">
      <Filter>Header Files\Backend Headers\SpriteSystem</Filter>
    </ClInclude>
    <ClInclude Include="SpriteSystem\Anim_Directional.h">
      <Filter>Header Files\Backend Headers\SpriteSystem</Filter>
    </ClInclude>
    <ClInclude Include="SpriteSystem\SpriteSheet.h">
      <Filter>Header Files\Backend Headers\SpriteSystem</Filter>
    </ClInclude>
    <ClInclude Include="ThreadWorkers\FileLoader.h">
      <Filter>Header Files\Backend Headers\ThreadWorkers</Filter>
    </ClInclude>
    <ClInclude Include="ThreadWorkers\Worker.h">
      <Filter>Header Files\Backend Headers\ThreadWorkers</Filter>
    </ClInclude>
    <ClInclude Include="Types\Bitmask.h">
      <Filter>Header Files\Backend Headers\Types</Filter>
    </ClInclude>
    <ClInclude Include="Types\Directions.h">
      <Filter>Header Files\Backend Headers\Types</Filter>
    </ClInclude>
    <ClInclude Include="Types\Event_Queue.h">
      <Filter>Header Files\Backend Headers\Types</Filter>
    </ClInclude>
    <ClInclude Include="Utilities\Helpers.h">
      <Filter>Header Files\Backend Headers\Utilities</Filter>
    </ClInclude>
    <ClInclude Include="Utilities\Utilities.h">
      <Filter>Header Files\Backend Headers\Utilities</Filter>
    </ClInclude>
    <ClInclude Include="Utilities\RandomNumberGen.h">
      <Filter>Header Files\Backend Headers\Utilities</Filter>
    </ClInclude>
    <ClInclude Include="WindowSystem\Window.h">
      <Filter>Header Files\Backend Headers\WindowSystem</Filter>
    </ClInclude>
    <ClInclude Include="WindowSystem\Renderer.h">
      <Filter>Header Files\Backend Headers\WindowSystem</Filter>
    </ClInclude>
    <ClInclude Include="StateSystem\BaseState.h">
      <Filter>Header Files\Frontend\States</Filter>
    </ClInclude>
    <ClInclude Include="StateSystem\StateDependent.h">
      <Filter>Header Files\Backend Headers\StateSystem</Filter>
    </ClInclude>
    <ClInclude Include="StateSystem\StateManager.h">
      <Filter>Header Files\Backend Headers\StateSystem</Filter>
    </ClInclude>
    <ClInclude Include="StateSystem\StateTypes.h">
      <Filter>Header Files\Backend Headers\StateSystem</Filter>
    </ClInclude>
    <ClInclude Include="ParticleSystem\ForceApplicator.h">
      <Filter>Header Files\Backend Headers\ParticleSystem</Filter>
    </ClInclude>
    <ClInclude Include="ParticleSystem\ParticleContainer.h">
      <Filter>Header Files\Backend Headers\ParticleSystem</Filter>
    </ClInclude>
    <ClInclude Include="ParticleSystem\ParticleSystem.h">
      <Filter>Header Files\Backend Headers\ParticleSystem</Filter>
    </ClInclude>
    <ClInclude Include="ParticleSystem\BaseGenerator.h">
      <Filter>Header Files\Backend Headers\ParticleSystem</Filter>
    </ClInclude>
    <ClInclude Include="ParticleSystem\BaseUpdater.h">
      <Filter>Header Files\Backend Headers\ParticleSystem</Filter>
    </ClInclude>
    <ClInclude Include="ParticleSystem\Emitter.h">
      <Filter>Header Files\Backend Headers\ParticleSystem</Filter>
    </ClInclude>
    <ClInclude Include="ParticleSystem\Generators\AreaPosition.h">
      <Filter>Header Files\Backend Headers\ParticleSystem\Generators</Filter>
    </ClInclude>
    <ClInclude Include="ParticleSystem\Generators\ColorRange.h">
      <Filter>Header Files\Backend Headers\ParticleSystem\Generators</Filter>
    </ClInclude>
    <ClInclude Include="ParticleSystem\Generators\LinePosition.h">
      <Filter>Header Files\Backend Headers\ParticleSystem\Generators</Filter>
    </ClInclude>
    <ClInclude Include="ParticleSystem\Generators\PointPosition.h">
      <Filter>Header Files\Backend Headers\ParticleSystem\Generators</Filter>
    </ClInclude>
    <ClInclude Include="ParticleSystem\Generators\Properties.h">
      <Filter>Header Files\Backend Headers\ParticleSystem\Generators</Filter>
    </ClInclude>
    <ClInclude Include="ParticleSystem\Generators\RandomColor.h">
      <Filter>Header Files\Backend Headers\ParticleSystem\Generators</Filter>
    </ClInclude>
    <ClInclude Include="ParticleSystem\Generators\RandomLifespan.h">
      <Filter>Header Files\Backend Headers\ParticleSystem\Generators</Filter>
    </ClInclude>
    <ClInclude Include="ParticleSystem\Generators\RandomSize.h">
      <Filter>Header Files\Backend Headers\ParticleSystem\Generators</Filter>
    </ClInclude>
    <ClInclude Include="ParticleSystem\Generators\RandomVelocity.h">
      <Filter>Header Files\Backend Headers\ParticleSystem\Generators</Filter>
    </ClInclude>
    <ClInclude Include="ParticleSystem\Generators\RotationRange.h">
      <Filter>Header Files\Backend Headers\ParticleSystem\Generators</Filter>
    </ClInclude>
    <ClInclude Include="ParticleSystem\Generators\SizeRange.h">
      <Filter>Header Files\Backend Headers\ParticleSystem\Generators</Filter>
    </ClInclude>
    <ClInclude Include="ParticleSystem\Generators\Texture.h">
      <Filter>Header Files\Backend Headers\ParticleSystem\Generators</Filter>
    </ClInclude>
    <ClInclude Include="ParticleSystem\Updaters\Interpolator.h">
      <Filter>Header Files\Backend Headers\ParticleSystem\Updaters</Filter>
    </ClInclude>
    <ClInclude Include="ParticleSystem\Updaters\Lifespan.h">
      <Filter>Header Files\Backend Headers\ParticleSystem\Updaters</Filter>
    </ClInclude>
    <ClInclude Include="ParticleSystem\Updaters\Spatial.h">
      <Filter>Header Files\Backend Headers\ParticleSystem\Updaters</Filter>
    </ClInclude>
    <ClInclude Include="ParticleSystem\Updaters\Collisions.h">
      <Filter>Header Files\Backend Headers\ParticleSystem\Updaters</Filter>
    </ClInclude>
    <ClInclude Include="ParticleSystem\Updaters\Drawables.h">
      <Filter>Header Files\Backend Headers\ParticleSystem\Updaters</Filter>
    </ClInclude>
    <ClInclude Include="ParticleSystem\Updaters\Forces.h">
      <Filter>Header Files\Backend Headers\ParticleSystem\Updaters</Filter>
    </ClInclude>
    <ClInclude Include="Game.h">
      <Filter>Header Files\Frontend</Filter>
    </ClInclude>
    <ClInclude Include="States\State_Intro.h">
      <Filter>Header Files\Frontend\States</Filter>
    </ClInclude>
    <ClInclude Include="States\State_MainMenu.h">
      <Filter>Header Files\Frontend\States</Filter>
    </ClInclude>
    <ClInclude Include="States\load.h">
      <Filter>Header Files\Frontend\States</Filter>
    </ClInclude>
    <ClInclude Include="States\State_Game.h">
      <Filter>Header Files\Frontend\States</Filter>
    </ClInclude>
  </ItemGroup>
</Project>